{
  "name": "hulud-scan-example",
  "version": "1.0.0",
  "lockfileVersion": 3,
  "requires": true,
  "packages": {
    "": {
      "name": "hulud-scan-example",
      "version": "1.0.0",
      "license": "MIT",
      "dependencies": {
        "@asyncapi/parser": ">=3.4",
        "@lessondesk/babel-preset": "1.0.1"
      }
    },
    "node_modules/@accordproject/concerto-analysis": {
      "version": "3.24.1",
      "resolved": "https://registry.npmjs.org/@accordproject/concerto-analysis/-/concerto-analysis-3.24.1.tgz",
      "integrity": "sha512-FAKE-HASH",
      "dependencies": {
        "some-dep": "^1.0.0"
      }
    },
    "node_modules/@lessondesk/babel-preset": {
      "version": "1.0.1",
      "resolved": "https://registry.npmjs.org/@lessondesk/babel-preset/-/babel-preset-1.0.1.tgz",
      "integrity": "sha512-FAKE-HASH"
    }
  }
}
