# THIS IS AN AUTOGENERATED FILE. DO NOT EDIT THIS FILE DIRECTLY.
# yarn lockfile v1


"02-echo@0.0.7":
  version "0.0.7"
  resolved "https://registry.yarnpkg.com/02-echo/-/02-echo-0.0.7.tgz#fakehash"
  integrity sha512-FAKE-HASH

"@actbase/css-to-react-native-transform@1.0.3":
  version "1.0.3"
  resolved "https://registry.yarnpkg.com/@actbase/css-to-react-native-transform/-/css-to-react-native-transform-1.0.3.tgz#fakehash"
  integrity sha512-FAKE-HASH

safe-package@^1.0.0:
  version "1.0.5"
  resolved "https://registry.yarnpkg.com/safe-package/-/safe-package-1.0.5.tgz#fakehash"
  integrity sha512-FAKE-HASH
